// !$*UTF8*$!
{
	archiveVersion = 1;
	classes = {
	};
	objectVersion = 46;
	objects = {

/* Begin PBXBuildFile section */
		0D1CEC641B52647300BA22BD /* video.mov in Resources */ = {isa = PBXBuildFile; fileRef = 0D1CEC621B52647300BA22BD /* video.mov */; };
		0D1CEC651B52647300BA22BD /* video.mov in Resources */ = {isa = PBXBuildFile; fileRef = 0D1CEC621B52647300BA22BD /* video.mov */; };
		0D1CEC671B5264E800BA22BD /* video.mov in Resources */ = {isa = PBXBuildFile; fileRef = 0D1CEC621B52647300BA22BD /* video.mov */; };
		0D7142CA1B524A1000DA07E8 /* AppDelegate.swift in Sources */ = {isa = PBXBuildFile; fileRef = 0D7142C91B524A1000DA07E8 /* AppDelegate.swift */; };
		0D7142CC1B524A1000DA07E8 /* ViewController.swift in Sources */ = {isa = PBXBuildFile; fileRef = 0D7142CB1B524A1000DA07E8 /* ViewController.swift */; };
		0D7142CF1B524A1000DA07E8 /* Main.storyboard in Resources */ = {isa = PBXBuildFile; fileRef = 0D7142CD1B524A1000DA07E8 /* Main.storyboard */; };
		0D7142D11B524A1000DA07E8 /* Assets.xcassets in Resources */ = {isa = PBXBuildFile; fileRef = 0D7142D01B524A1000DA07E8 /* Assets.xcassets */; };
		0D7142D41B524A1000DA07E8 /* LaunchScreen.storyboard in Resources */ = {isa = PBXBuildFile; fileRef = 0D7142D21B524A1000DA07E8 /* LaunchScreen.storyboard */; };
		0D7142D91B524A1000DA07E8 /* WatchKit2-Sample-Movie WatchKit App.app in Embed Watch Content */ = {isa = PBXBuildFile; fileRef = 0D7142D81B524A1000DA07E8 /* WatchKit2-Sample-Movie WatchKit App.app */; };
		0D7142DF1B524A1000DA07E8 /* Interface.storyboard in Resources */ = {isa = PBXBuildFile; fileRef = 0D7142DD1B524A1000DA07E8 /* Interface.storyboard */; };
		0D7142E11B524A1000DA07E8 /* Assets.xcassets in Resources */ = {isa = PBXBuildFile; fileRef = 0D7142E01B524A1000DA07E8 /* Assets.xcassets */; };
		0D7142E81B524A1000DA07E8 /* WatchKit2-Sample-Movie WatchKit Extension.appex in Embed App Extensions */ = {isa = PBXBuildFile; fileRef = 0D7142E71B524A1000DA07E8 /* WatchKit2-Sample-Movie WatchKit Extension.appex */; settings = {ATTRIBUTES = (RemoveHeadersOnCopy, ); }; };
		0D7142ED1B524A1000DA07E8 /* InterfaceController.swift in Sources */ = {isa = PBXBuildFile; fileRef = 0D7142EC1B524A1000DA07E8 /* InterfaceController.swift */; };
		0D7142EF1B524A1000DA07E8 /* ExtensionDelegate.swift in Sources */ = {isa = PBXBuildFile; fileRef = 0D7142EE1B524A1000DA07E8 /* ExtensionDelegate.swift */; };
		0D7142F11B524A1000DA07E8 /* Assets.xcassets in Resources */ = {isa = PBXBuildFile; fileRef = 0D7142F01B524A1000DA07E8 /* Assets.xcassets */; };
/* End PBXBuildFile section */

/* Begin PBXContainerItemProxy section */
		0D7142DA1B524A1000DA07E8 /* PBXContainerItemProxy */ = {
			isa = PBXContainerItemProxy;
			containerPortal = 0D7142BE1B524A1000DA07E8 /* Project object */;
			proxyType = 1;
			remoteGlobalIDString = 0D7142D71B524A1000DA07E8;
			remoteInfo = "WatchKit2-Sample-Movie WatchKit App";
		};
		0D7142E91B524A1000DA07E8 /* PBXContainerItemProxy */ = {
			isa = PBXContainerItemProxy;
			containerPortal = 0D7142BE1B524A1000DA07E8 /* Project object */;
			proxyType = 1;
			remoteGlobalIDString = 0D7142E61B524A1000DA07E8;
			remoteInfo = "WatchKit2-Sample-Movie WatchKit Extension";
		};
/* End PBXContainerItemProxy section */

/* Begin PBXCopyFilesBuildPhase section */
		0D7142F81B524A1000DA07E8 /* Embed App Extensions */ = {
			isa = PBXCopyFilesBuildPhase;
			buildActionMask = 2147483647;
			dstPath = "";
			dstSubfolderSpec = 13;
			files = (
				0D7142E81B524A1000DA07E8 /* WatchKit2-Sample-Movie WatchKit Extension.appex in Embed App Extensions */,
			);
			name = "Embed App Extensions";
			runOnlyForDeploymentPostprocessing = 0;
		};
		0D7142FC1B524A1000DA07E8 /* Embed Watch Content */ = {
			isa = PBXCopyFilesBuildPhase;
			buildActionMask = 2147483647;
			dstPath = "$(CONTENTS_FOLDER_PATH)/Watch";
			dstSubfolderSpec = 16;
			files = (
				0D7142D91B524A1000DA07E8 /* WatchKit2-Sample-Movie WatchKit App.app in Embed Watch Content */,
			);
			name = "Embed Watch Content";
			runOnlyForDeploymentPostprocessing = 0;
		};
/* End PBXCopyFilesBuildPhase section */

/* Begin PBXFileReference section */
		0D1CEC621B52647300BA22BD /* video.mov */ = {isa = PBXFileReference; lastKnownFileType = video.quicktime; name = video.mov; path = "../WatchKit2-Sample-Movie/video.mov"; sourceTree = "<group>"; };
		0D7142C61B524A1000DA07E8 /* WatchKit2-Sample-Movie.app */ = {isa = PBXFileReference; explicitFileType = wrapper.application; includeInIndex = 0; path = "WatchKit2-Sample-Movie.app"; sourceTree = BUILT_PRODUCTS_DIR; };
		0D7142C91B524A1000DA07E8 /* AppDelegate.swift */ = {isa = PBXFileReference; lastKnownFileType = sourcecode.swift; path = AppDelegate.swift; sourceTree = "<group>"; };
		0D7142CB1B524A1000DA07E8 /* ViewController.swift */ = {isa = PBXFileReference; lastKnownFileType = sourcecode.swift; path = ViewController.swift; sourceTree = "<group>"; };
		0D7142CE1B524A1000DA07E8 /* Base */ = {isa = PBXFileReference; lastKnownFileType = file.storyboard; name = Base; path = Base.lproj/Main.storyboard; sourceTree = "<group>"; };
		0D7142D01B524A1000DA07E8 /* Assets.xcassets */ = {isa = PBXFileReference; lastKnownFileType = folder.assetcatalog; path = Assets.xcassets; sourceTree = "<group>"; };
		0D7142D31B524A1000DA07E8 /* Base */ = {isa = PBXFileReference; lastKnownFileType = file.storyboard; name = Base; path = Base.lproj/LaunchScreen.storyboard; sourceTree = "<group>"; };
		0D7142D51B524A1000DA07E8 /* Info.plist */ = {isa = PBXFileReference; lastKnownFileType = text.plist.xml; path = Info.plist; sourceTree = "<group>"; };
		0D7142D81B524A1000DA07E8 /* WatchKit2-Sample-Movie WatchKit App.app */ = {isa = PBXFileReference; explicitFileType = wrapper.application; includeInIndex = 0; path = "WatchKit2-Sample-Movie WatchKit App.app"; sourceTree = BUILT_PRODUCTS_DIR; };
		0D7142DE1B524A1000DA07E8 /* Base */ = {isa = PBXFileReference; lastKnownFileType = file.storyboard; name = Base; path = Base.lproj/Interface.storyboard; sourceTree = "<group>"; };
		0D7142E01B524A1000DA07E8 /* Assets.xcassets */ = {isa = PBXFileReference; lastKnownFileType = folder.assetcatalog; path = Assets.xcassets; sourceTree = "<group>"; };
		0D7142E21B524A1000DA07E8 /* Info.plist */ = {isa = PBXFileReference; lastKnownFileType = text.plist.xml; path = Info.plist; sourceTree = "<group>"; };
		0D7142E71B524A1000DA07E8 /* WatchKit2-Sample-Movie WatchKit Extension.appex */ = {isa = PBXFileReference; explicitFileType = "wrapper.app-extension"; includeInIndex = 0; path = "WatchKit2-Sample-Movie WatchKit Extension.appex"; sourceTree = BUILT_PRODUCTS_DIR; };
		0D7142EC1B524A1000DA07E8 /* InterfaceController.swift */ = {isa = PBXFileReference; lastKnownFileType = sourcecode.swift; path = InterfaceController.swift; sourceTree = "<group>"; };
		0D7142EE1B524A1000DA07E8 /* ExtensionDelegate.swift */ = {isa = PBXFileReference; lastKnownFileType = sourcecode.swift; path = ExtensionDelegate.swift; sourceTree = "<group>"; };
		0D7142F01B524A1000DA07E8 /* Assets.xcassets */ = {isa = PBXFileReference; lastKnownFileType = folder.assetcatalog; path = Assets.xcassets; sourceTree = "<group>"; };
		0D7142F21B524A1000DA07E8 /* Info.plist */ = {isa = PBXFileReference; lastKnownFileType = text.plist.xml; path = Info.plist; sourceTree = "<group>"; };
/* End PBXFileReference section */

/* Begin PBXFrameworksBuildPhase section */
		0D7142C31B524A1000DA07E8 /* Frameworks */ = {
			isa = PBXFrameworksBuildPhase;
			buildActionMask = 2147483647;
			files = (
			);
			runOnlyForDeploymentPostprocessing = 0;
		};
		0D7142E41B524A1000DA07E8 /* Frameworks */ = {
			isa = PBXFrameworksBuildPhase;
			buildActionMask = 2147483647;
			files = (
			);
			runOnlyForDeploymentPostprocessing = 0;
		};
/* End PBXFrameworksBuildPhase section */

/* Begin PBXGroup section */
		0D7142BD1B524A1000DA07E8 = {
			isa = PBXGroup;
			children = (
				0D7142C81B524A1000DA07E8 /* WatchKit2-Sample-Movie */,
				0D7142DC1B524A1000DA07E8 /* WatchKit2-Sample-Movie WatchKit App */,
				0D7142EB1B524A1000DA07E8 /* WatchKit2-Sample-Movie WatchKit Extension */,
				0D7142C71B524A1000DA07E8 /* Products */,
			);
			sourceTree = "<group>";
		};
		0D7142C71B524A1000DA07E8 /* Products */ = {
			isa = PBXGroup;
			children = (
				0D7142C61B524A1000DA07E8 /* WatchKit2-Sample-Movie.app */,
				0D7142D81B524A1000DA07E8 /* WatchKit2-Sample-Movie WatchKit App.app */,
				0D7142E71B524A1000DA07E8 /* WatchKit2-Sample-Movie WatchKit Extension.appex */,
			);
			name = Products;
			sourceTree = "<group>";
		};
		0D7142C81B524A1000DA07E8 /* WatchKit2-Sample-Movie */ = {
			isa = PBXGroup;
			children = (
				0D7142C91B524A1000DA07E8 /* AppDelegate.swift */,
				0D7142CB1B524A1000DA07E8 /* ViewController.swift */,
				0D7142CD1B524A1000DA07E8 /* Main.storyboard */,
				0D7142D01B524A1000DA07E8 /* Assets.xcassets */,
				0D7142D21B524A1000DA07E8 /* LaunchScreen.storyboard */,
				0D7142D51B524A1000DA07E8 /* Info.plist */,
			);
			path = "WatchKit2-Sample-Movie";
			sourceTree = "<group>";
		};
		0D7142DC1B524A1000DA07E8 /* WatchKit2-Sample-Movie WatchKit App */ = {
			isa = PBXGroup;
			children = (
				0D1CEC621B52647300BA22BD /* video.mov */,
				0D7142DD1B524A1000DA07E8 /* Interface.storyboard */,
				0D7142E01B524A1000DA07E8 /* Assets.xcassets */,
				0D7142E21B524A1000DA07E8 /* Info.plist */,
			);
			path = "WatchKit2-Sample-Movie WatchKit App";
			sourceTree = "<group>";
		};
		0D7142EB1B524A1000DA07E8 /* WatchKit2-Sample-Movie WatchKit Extension */ = {
			isa = PBXGroup;
			children = (
				0D7142EC1B524A1000DA07E8 /* InterfaceController.swift */,
				0D7142EE1B524A1000DA07E8 /* ExtensionDelegate.swift */,
				0D7142F01B524A1000DA07E8 /* Assets.xcassets */,
				0D7142F21B524A1000DA07E8 /* Info.plist */,
			);
			path = "WatchKit2-Sample-Movie WatchKit Extension";
			sourceTree = "<group>";
		};
/* End PBXGroup section */

/* Begin PBXNativeTarget section */
		0D7142C51B524A1000DA07E8 /* WatchKit2-Sample-Movie */ = {
			isa = PBXNativeTarget;
			buildConfigurationList = 0D7142FD1B524A1000DA07E8 /* Build configuration list for PBXNativeTarget "WatchKit2-Sample-Movie" */;
			buildPhases = (
				0D7142C21B524A1000DA07E8 /* Sources */,
				0D7142C31B524A1000DA07E8 /* Frameworks */,
				0D7142C41B524A1000DA07E8 /* Resources */,
				0D7142FC1B524A1000DA07E8 /* Embed Watch Content */,
			);
			buildRules = (
			);
			dependencies = (
				0D7142DB1B524A1000DA07E8 /* PBXTargetDependency */,
			);
			name = "WatchKit2-Sample-Movie";
			productName = "WatchKit2-Sample-Movie";
			productReference = 0D7142C61B524A1000DA07E8 /* WatchKit2-Sample-Movie.app */;
			productType = "com.apple.product-type.application";
		};
		0D7142D71B524A1000DA07E8 /* WatchKit2-Sample-Movie WatchKit App */ = {
			isa = PBXNativeTarget;
			buildConfigurationList = 0D7142F91B524A1000DA07E8 /* Build configuration list for PBXNativeTarget "WatchKit2-Sample-Movie WatchKit App" */;
			buildPhases = (
				0D7142D61B524A1000DA07E8 /* Resources */,
				0D7142F81B524A1000DA07E8 /* Embed App Extensions */,
			);
			buildRules = (
			);
			dependencies = (
				0D7142EA1B524A1000DA07E8 /* PBXTargetDependency */,
			);
			name = "WatchKit2-Sample-Movie WatchKit App";
			productName = "WatchKit2-Sample-Movie WatchKit App";
			productReference = 0D7142D81B524A1000DA07E8 /* WatchKit2-Sample-Movie WatchKit App.app */;
			productType = "com.apple.product-type.application.watchapp2";
		};
		0D7142E61B524A1000DA07E8 /* WatchKit2-Sample-Movie WatchKit Extension */ = {
			isa = PBXNativeTarget;
			buildConfigurationList = 0D7142F51B524A1000DA07E8 /* Build configuration list for PBXNativeTarget "WatchKit2-Sample-Movie WatchKit Extension" */;
			buildPhases = (
				0D7142E31B524A1000DA07E8 /* Sources */,
				0D7142E41B524A1000DA07E8 /* Frameworks */,
				0D7142E51B524A1000DA07E8 /* Resources */,
			);
			buildRules = (
			);
			dependencies = (
			);
			name = "WatchKit2-Sample-Movie WatchKit Extension";
			productName = "WatchKit2-Sample-Movie WatchKit Extension";
			productReference = 0D7142E71B524A1000DA07E8 /* WatchKit2-Sample-Movie WatchKit Extension.appex */;
			productType = "com.apple.product-type.watchkit2-extension";
		};
/* End PBXNativeTarget section */

/* Begin PBXProject section */
		0D7142BE1B524A1000DA07E8 /* Project object */ = {
			isa = PBXProject;
			attributes = {
				LastSwiftUpdateCheck = 0710;
				LastUpgradeCheck = 0700;
				ORGANIZATIONNAME = XuQing1001;
				TargetAttributes = {
					0D7142C51B524A1000DA07E8 = {
						CreatedOnToolsVersion = 7.0;
					};
					0D7142D71B524A1000DA07E8 = {
						CreatedOnToolsVersion = 7.0;
					};
					0D7142E61B524A1000DA07E8 = {
						CreatedOnToolsVersion = 7.0;
					};
				};
			};
			buildConfigurationList = 0D7142C11B524A1000DA07E8 /* Build configuration list for PBXProject "WatchKit2-Sample-Movie" */;
			compatibilityVersion = "Xcode 3.2";
			developmentRegion = English;
			hasScannedForEncodings = 0;
			knownRegions = (
				en,
				Base,
			);
			mainGroup = 0D7142BD1B524A1000DA07E8;
			productRefGroup = 0D7142C71B524A1000DA07E8 /* Products */;
			projectDirPath = "";
			projectRoot = "";
			targets = (
				0D7142C51B524A1000DA07E8 /* WatchKit2-Sample-Movie */,
				0D7142D71B524A1000DA07E8 /* WatchKit2-Sample-Movie WatchKit App */,
				0D7142E61B524A1000DA07E8 /* WatchKit2-Sample-Movie WatchKit Extension */,
			);
		};
/* End PBXProject section */

/* Begin PBXResourcesBuildPhase section */
		0D7142C41B524A1000DA07E8 /* Resources */ = {
			isa = PBXResourcesBuildPhase;
			buildActionMask = 2147483647;
			files = (
				0D1CEC671B5264E800BA22BD /* video.mov in Resources */,
				0D7142D41B524A1000DA07E8 /* LaunchScreen.storyboard in Resources */,
				0D7142D11B524A1000DA07E8 /* Assets.xcassets in Resources */,
				0D7142CF1B524A1000DA07E8 /* Main.storyboard in Resources */,
			);
			runOnlyForDeploymentPostprocessing = 0;
		};
		0D7142D61B524A1000DA07E8 /* Resources */ = {
			isa = PBXResourcesBuildPhase;
			buildActionMask = 2147483647;
			files = (
				0D7142E11B524A1000DA07E8 /* Assets.xcassets in Resources */,
				0D1CEC641B52647300BA22BD /* video.mov in Resources */,
				0D7142DF1B524A1000DA07E8 /* Interface.storyboard in Resources */,
			);
			runOnlyForDeploymentPostprocessing = 0;
		};
		0D7142E51B524A1000DA07E8 /* Resources */ = {
			isa = PBXResourcesBuildPhase;
			buildActionMask = 2147483647;
			files = (
				0D1CEC651B52647300BA22BD /* video.mov in Resources */,
				0D7142F11B524A1000DA07E8 /* Assets.xcassets in Resources */,
			);
			runOnlyForDeploymentPostprocessing = 0;
		};
/* End PBXResourcesBuildPhase section */

/* Begin PBXSourcesBuildPhase section */
		0D7142C21B524A1000DA07E8 /* Sources */ = {
			isa = PBXSourcesBuildPhase;
			buildActionMask = 2147483647;
			files = (
				0D7142CC1B524A1000DA07E8 /* ViewController.swift in Sources */,
				0D7142CA1B524A1000DA07E8 /* AppDelegate.swift in Sources */,
			);
			runOnlyForDeploymentPostprocessing = 0;
		};
		0D7142E31B524A1000DA07E8 /* Sources */ = {
			isa = PBXSourcesBuildPhase;
			buildActionMask = 2147483647;
			files = (
				0D7142EF1B524A1000DA07E8 /* ExtensionDelegate.swift in Sources */,
				0D7142ED1B524A1000DA07E8 /* InterfaceController.swift in Sources */,
			);
			runOnlyForDeploymentPostprocessing = 0;
		};
/* End PBXSourcesBuildPhase section */

/* Begin PBXTargetDependency section */
		0D7142DB1B524A1000DA07E8 /* PBXTargetDependency */ = {
			isa = PBXTargetDependency;
			target = 0D7142D71B524A1000DA07E8 /* WatchKit2-Sample-Movie WatchKit App */;
			targetProxy = 0D7142DA1B524A1000DA07E8 /* PBXContainerItemProxy */;
		};
		0D7142EA1B524A1000DA07E8 /* PBXTargetDependency */ = {
			isa = PBXTargetDependency;
			target = 0D7142E61B524A1000DA07E8 /* WatchKit2-Sample-Movie WatchKit Extension */;
			targetProxy = 0D7142E91B524A1000DA07E8 /* PBXContainerItemProxy */;
		};
/* End PBXTargetDependency section */

/* Begin PBXVariantGroup section */
		0D7142CD1B524A1000DA07E8 /* Main.storyboard */ = {
			isa = PBXVariantGroup;
			children = (
				0D7142CE1B524A1000DA07E8 /* Base */,
			);
			name = Main.storyboard;
			sourceTree = "<group>";
		};
		0D7142D21B524A1000DA07E8 /* LaunchScreen.storyboard */ = {
			isa = PBXVariantGroup;
			children = (
				0D7142D31B524A1000DA07E8 /* Base */,
			);
			name = LaunchScreen.storyboard;
			sourceTree = "<group>";
		};
		0D7142DD1B524A1000DA07E8 /* Interface.storyboard */ = {
			isa = PBXVariantGroup;
			children = (
				0D7142DE1B524A1000DA07E8 /* Base */,
			);
			name = Interface.storyboard;
			sourceTree = "<group>";
		};
/* End PBXVariantGroup section */

/* Begin XCBuildConfiguration section */
		0D7142F31B524A1000DA07E8 /* Debug */ = {
			isa = XCBuildConfiguration;
			buildSettings = {
				ALWAYS_SEARCH_USER_PATHS = NO;
				CLANG_CXX_LANGUAGE_STANDARD = "gnu++0x";
				CLANG_CXX_LIBRARY = "libc++";
				CLANG_ENABLE_MODULES = YES;
				CLANG_ENABLE_OBJC_ARC = YES;
				CLANG_WARN_BOOL_CONVERSION = YES;
				CLANG_WARN_CONSTANT_CONVERSION = YES;
				CLANG_WARN_DIRECT_OBJC_ISA_USAGE = YES_ERROR;
				CLANG_WARN_EMPTY_BODY = YES;
				CLANG_WARN_ENUM_CONVERSION = YES;
				CLANG_WARN_INT_CONVERSION = YES;
				CLANG_WARN_OBJC_ROOT_CLASS = YES_ERROR;
				CLANG_WARN_UNREACHABLE_CODE = YES;
				CLANG_WARN__DUPLICATE_METHOD_MATCH = YES;
				"CODE_SIGN_IDENTITY[sdk=iphoneos*]" = "iPhone Developer";
				COPY_PHASE_STRIP = NO;
				DEBUG_INFORMATION_FORMAT = dwarf;
				ENABLE_STRICT_OBJC_MSGSEND = YES;
				ENABLE_TESTABILITY = YES;
				GCC_C_LANGUAGE_STANDARD = gnu99;
				GCC_DYNAMIC_NO_PIC = NO;
				GCC_NO_COMMON_BLOCKS = YES;
				GCC_OPTIMIZATION_LEVEL = 0;
				GCC_PREPROCESSOR_DEFINITIONS = (
					"DEBUG=1",
					"$(inherited)",
				);
				GCC_WARN_64_TO_32_BIT_CONVERSION = YES;
				GCC_WARN_ABOUT_RETURN_TYPE = YES_ERROR;
				GCC_WARN_UNDECLARED_SELECTOR = YES;
				GCC_WARN_UNINITIALIZED_AUTOS = YES_AGGRESSIVE;
				GCC_WARN_UNUSED_FUNCTION = YES;
				GCC_WARN_UNUSED_VARIABLE = YES;
				IPHONEOS_DEPLOYMENT_TARGET = 9.0;
				MTL_ENABLE_DEBUG_INFO = YES;
				ONLY_ACTIVE_ARCH = YES;
				SDKROOT = iphoneos;
				SWIFT_OPTIMIZATION_LEVEL = "-Onone";
				TARGETED_DEVICE_FAMILY = "1,2";
			};
			name = Debug;
		};
		0D7142F41B524A1000DA07E8 /* Release */ = {
			isa = XCBuildConfiguration;
			buildSettings = {
				ALWAYS_SEARCH_USER_PATHS = NO;
				CLANG_CXX_LANGUAGE_STANDARD = "gnu++0x";
				CLANG_CXX_LIBRARY = "libc++";
				CLANG_ENABLE_MODULES = YES;
				CLANG_ENABLE_OBJC_ARC = YES;
				CLANG_WARN_BOOL_CONVERSION = YES;
				CLANG_WARN_CONSTANT_CONVERSION = YES;
				CLANG_WARN_DIRECT_OBJC_ISA_USAGE = YES_ERROR;
				CLANG_WARN_EMPTY_BODY = YES;
				CLANG_WARN_ENUM_CONVERSION = YES;
				CLANG_WARN_INT_CONVERSION = YES;
				CLANG_WARN_OBJC_ROOT_CLASS = YES_ERROR;
				CLANG_WARN_UNREACHABLE_CODE = YES;
				CLANG_WARN__DUPLICATE_METHOD_MATCH = YES;
				"CODE_SIGN_IDENTITY[sdk=iphoneos*]" = "iPhone Developer";
				COPY_PHASE_STRIP = NO;
				DEBUG_INFORMATION_FORMAT = "dwarf-with-dsym";
				ENABLE_NS_ASSERTIONS = NO;
				ENABLE_STRICT_OBJC_MSGSEND = YES;
				GCC_C_LANGUAGE_STANDARD = gnu99;
				GCC_NO_COMMON_BLOCKS = YES;
				GCC_WARN_64_TO_32_BIT_CONVERSION = YES;
				GCC_WARN_ABOUT_RETURN_TYPE = YES_ERROR;
				GCC_WARN_UNDECLARED_SELECTOR = YES;
				GCC_WARN_UNINITIALIZED_AUTOS = YES_AGGRESSIVE;
				GCC_WARN_UNUSED_FUNCTION = YES;
				GCC_WARN_UNUSED_VARIABLE = YES;
				IPHONEOS_DEPLOYMENT_TARGET = 9.0;
				MTL_ENABLE_DEBUG_INFO = NO;
				SDKROOT = iphoneos;
				TARGETED_DEVICE_FAMILY = "1,2";
				VALIDATE_PRODUCT = YES;
			};
			name = Release;
		};
		0D7142F61B524A1000DA07E8 /* Debug */ = {
			isa = XCBuildConfiguration;
			buildSettings = {
				INFOPLIST_FILE = "WatchKit2-Sample-Movie WatchKit Extension/Info.plist";
				LD_RUNPATH_SEARCH_PATHS = "$(inherited) @executable_path/Frameworks @executable_path/../../Frameworks";
				PRODUCT_BUNDLE_IDENTIFIER = "XuQing1001.WatchKit2-Sample-Movie.watchkitapp.watchkitextension";
				PRODUCT_NAME = "${TARGET_NAME}";
				SDKROOT = watchos;
				SKIP_INSTALL = YES;
				TARGETED_DEVICE_FAMILY = 4;
				WATCHOS_DEPLOYMENT_TARGET = 2.0;
			};
			name = Debug;
		};
		0D7142F71B524A1000DA07E8 /* Release */ = {
			isa = XCBuildConfiguration;
			buildSettings = {
				INFOPLIST_FILE = "WatchKit2-Sample-Movie WatchKit Extension/Info.plist";
				LD_RUNPATH_SEARCH_PATHS = "$(inherited) @executable_path/Frameworks @executable_path/../../Frameworks";
				PRODUCT_BUNDLE_IDENTIFIER = "XuQing1001.WatchKit2-Sample-Movie.watchkitapp.watchkitextension";
				PRODUCT_NAME = "${TARGET_NAME}";
				SDKROOT = watchos;
				SKIP_INSTALL = YES;
				TARGETED_DEVICE_FAMILY = 4;
				WATCHOS_DEPLOYMENT_TARGET = 2.0;
			};
			name = Release;
		};
		0D7142FA1B524A1000DA07E8 /* Debug */ = {
			isa = XCBuildConfiguration;
			buildSettings = {
				ASSETCATALOG_COMPILER_APPICON_NAME = AppIcon;
				EMBEDDED_CONTENT_CONTAINS_SWIFT = YES;
				IBSC_MODULE = WatchKit2_Sample_Movie_WatchKit_Extension;
				INFOPLIST_FILE = "WatchKit2-Sample-Movie WatchKit App/Info.plist";
				PRODUCT_BUNDLE_IDENTIFIER = "XuQing1001.WatchKit2-Sample-Movie.watchkitapp";
				PRODUCT_NAME = "$(TARGET_NAME)";
				SDKROOT = watchos;
				SKIP_INSTALL = YES;
				TARGETED_DEVICE_FAMILY = 4;
				WATCHOS_DEPLOYMENT_TARGET = 2.0;
			};
			name = Debug;
		};
		0D7142FB1B524A1000DA07E8 /* Release */ = {
			isa = XCBuildConfiguration;
			buildSettings = {
				ASSETCATALOG_COMPILER_APPICON_NAME = AppIcon;
				EMBEDDED_CONTENT_CONTAINS_SWIFT = YES;
				IBSC_MODULE = WatchKit2_Sample_Movie_WatchKit_Extension;
				INFOPLIST_FILE = "WatchKit2-Sample-Movie WatchKit App/Info.plist";
				PRODUCT_BUNDLE_IDENTIFIER = "XuQing1001.WatchKit2-Sample-Movie.watchkitapp";
				PRODUCT_NAME = "$(TARGET_NAME)";
				SDKROOT = watchos;
				SKIP_INSTALL = YES;
				TARGETED_DEVICE_FAMILY = 4;
				WATCHOS_DEPLOYMENT_TARGET = 2.0;
			};
			name = Release;
		};
		0D7142FE1B524A1000DA07E8 /* Debug */ = {
			isa = XCBuildConfiguration;
			buildSettings = {
				ASSETCATALOG_COMPILER_APPICON_NAME = AppIcon;
				INFOPLIST_FILE = "WatchKit2-Sample-Movie/Info.plist";
				LD_RUNPATH_SEARCH_PATHS = "$(inherited) @executable_path/Frameworks";
				PRODUCT_BUNDLE_IDENTIFIER = "XuQing1001.WatchKit2-Sample-Movie";
				PRODUCT_NAME = "$(TARGET_NAME)";
			};
			name = Debug;
		};
		0D7142FF1B524A1000DA07E8 /* Release */ = {
			isa = XCBuildConfiguration;
			buildSettings = {
				ASSETCATALOG_COMPILER_APPICON_NAME = AppIcon;
				INFOPLIST_FILE = "WatchKit2-Sample-Movie/Info.plist";
				LD_RUNPATH_SEARCH_PATHS = "$(inherited) @executable_path/Frameworks";
				PRODUCT_BUNDLE_IDENTIFIER = "XuQing1001.WatchKit2-Sample-Movie";
				PRODUCT_NAME = "$(TARGET_NAME)";
			};
			name = Release;
		};
/* End XCBuildConfiguration section */

/* Begin XCConfigurationList section */
		0D7142C11B524A1000DA07E8 /* Build configuration list for PBXProject "WatchKit2-Sample-Movie" */ = {
			isa = XCConfigurationList;
			buildConfigurations = (
				0D7142F31B524A1000DA07E8 /* Debug */,
				0D7142F41B524A1000DA07E8 /* Release */,
			);
			defaultConfigurationIsVisible = 0;
			defaultConfigurationName = Release;
		};
		0D7142F51B524A1000DA07E8 /* Build configuration list for PBXNativeTarget "WatchKit2-Sample-Movie WatchKit Extension" */ = {
			isa = XCConfigurationList;
			buildConfigurations = (
				0D7142F61B524A1000DA07E8 /* Debug */,
				0D7142F71B524A1000DA07E8 /* Release */,
			);
			defaultConfigurationIsVisible = 0;
			defaultConfigurationName = Release;
		};
		0D7142F91B524A1000DA07E8 /* Build configuration list for PBXNativeTarget "WatchKit2-Sample-Movie WatchKit App" */ = {
			isa = XCConfigurationList;
			buildConfigurations = (
				0D7142FA1B524A1000DA07E8 /* Debug */,
				0D7142FB1B524A1000DA07E8 /* Release */,
			);
			defaultConfigurationIsVisible = 0;
			defaultConfigurationName = Release;
		};
		0D7142FD1B524A1000DA07E8 /* Build configuration list for PBXNativeTarget "WatchKit2-Sample-Movie" */ = {
			isa = XCConfigurationList;
			buildConfigurations = (
				0D7142FE1B524A1000DA07E8 /* Debug */,
				0D7142FF1B524A1000DA07E8 /* Release */,
			);
			defaultConfigurationIsVisible = 0;
			defaultConfigurationName = Release;
		};
/* End XCConfigurationList section */
	};
	rootObject = 0D7142BE1B524A1000DA07E8 /* Project object */;
}
